{
  "name": "alexa-twitch-streamers",
  "version": "1.0.0",
  "lockfileVersion": 1,
  "requires": true,
  "dependencies": {
    "alexa-message-builder": {
      "version": "1.2.0",
      "resolved": "https://registry.npmjs.org/alexa-message-builder/-/alexa-message-builder-1.2.0.tgz",
      "integrity": "sha1-6FeTIsTzX1h6d7yPho5ugfxjXuc="
    },
    "alexa-skill-kit": {
      "version": "1.0.0",
      "resolved": "https://registry.npmjs.org/alexa-skill-kit/-/alexa-skill-kit-1.0.0.tgz",
      "integrity": "sha1-TpxkkxE+R2IuK0VfLBlegvjvNl8="
    },
    "minimal-request-promise": {
      "version": "1.5.0",
      "resolved": "https://registry.npmjs.org/minimal-request-promise/-/minimal-request-promise-1.5.0.tgz",
      "integrity": "sha1-YPXX9VtAJtGXB04uFVYm1MxcLrw="
    }
  }
}
